dependencies:
- name: keycloak
  repository: https://raw.githubusercontent.com/bitnami/charts/refs/heads/archive-full-index/bitnami/
  version: 25.2.0
- name: postgresql
  repository: https://raw.githubusercontent.com/bitnami/charts/refs/heads/archive-full-index/bitnami/
  version: 18.1.8
- name: kafka
  repository: https://raw.githubusercontent.com/bitnami/charts/refs/heads/archive-full-index/bitnami/
  version: 32.4.3
- name: zipkin
  repository: https://openzipkin.github.io/zipkin-helm
  version: 0.4.0
- name: accounts
  repository: file://./charts/accounts
  version: 0.1.0
- name: cash
  repository: file://./charts/cash
  version: 0.1.0
- name: transfer
  repository: file://./charts/transfer
  version: 0.1.0
- name: notifications
  repository: file://./charts/notifications
  version: 0.1.0
- name: front
  repository: file://./charts/front
  version: 0.1.0
- name: common
  repository: file://./charts/common
  version: 0.1.0
- name: elk
  repository: file://./charts/elk
  version: 0.1.0
digest: sha256:6d549cce91250f6b5cc5e5b94b042eaef66b224d2be12b71e89d597ee8bcc57e
generated: "2025-11-19T19:20:35.8995+03:00"
